// !$*UTF8*$!
{
	archiveVersion = 1;
	classes = {
	};
	objectVersion = 56;
	objects = {

/* Begin PBXBuildFile section */
		3C7495EA2AA3CACA0025FC7F /* Endpointable.swift in Sources */ = {isa = PBXBuildFile; fileRef = 3C7495E92AA3CACA0025FC7F /* Endpointable.swift */; };
		3C7495EE2AA3CB2A0025FC7F /* Parameterable.swift in Sources */ = {isa = PBXBuildFile; fileRef = 3C7495ED2AA3CB2A0025FC7F /* Parameterable.swift */; };
		3C7495F02AA3CB520025FC7F /* Networkable.swift in Sources */ = {isa = PBXBuildFile; fileRef = 3C7495EF2AA3CB520025FC7F /* Networkable.swift */; };
		3C7495F22AA3CE120025FC7F /* URLSessionServiceManager.swift in Sources */ = {isa = PBXBuildFile; fileRef = 3C7495F12AA3CE120025FC7F /* URLSessionServiceManager.swift */; };
		3C7495F42AA3CEC30025FC7F /* MainParameter.swift in Sources */ = {isa = PBXBuildFile; fileRef = 3C7495F32AA3CEC30025FC7F /* MainParameter.swift */; };
		3C7495FA2AA3CFBE0025FC7F /* MainEndpoint.swift in Sources */ = {isa = PBXBuildFile; fileRef = 3C7495F92AA3CFBE0025FC7F /* MainEndpoint.swift */; };
		3C7496032AA3D43E0025FC7F /* MainViewController.swift in Sources */ = {isa = PBXBuildFile; fileRef = 3C7496012AA3D43E0025FC7F /* MainViewController.swift */; };
		3C7496042AA3D43E0025FC7F /* MainViewController.xib in Resources */ = {isa = PBXBuildFile; fileRef = 3C7496022AA3D43E0025FC7F /* MainViewController.xib */; };
		3C7496092AA3D5860025FC7F /* MainDataProviderProtocol.swift in Sources */ = {isa = PBXBuildFile; fileRef = 3C7496082AA3D5860025FC7F /* MainDataProviderProtocol.swift */; };
		3C74960C2AA3D5E20025FC7F /* AgentResponse.swift in Sources */ = {isa = PBXBuildFile; fileRef = 3C74960B2AA3D5E20025FC7F /* AgentResponse.swift */; };
		3C74960F2AA3D8220025FC7F /* MainDataProvider.swift in Sources */ = {isa = PBXBuildFile; fileRef = 3C74960E2AA3D8220025FC7F /* MainDataProvider.swift */; };
		3C7496122AA3D8760025FC7F /* MainViewModel.swift in Sources */ = {isa = PBXBuildFile; fileRef = 3C7496112AA3D8760025FC7F /* MainViewModel.swift */; };
		3C7496142AA3D8840025FC7F /* MainViewModelProtocol.swift in Sources */ = {isa = PBXBuildFile; fileRef = 3C7496132AA3D8840025FC7F /* MainViewModelProtocol.swift */; };
		3C7496182AA3DD060025FC7F /* IconCell.swift in Sources */ = {isa = PBXBuildFile; fileRef = 3C7496162AA3DD060025FC7F /* IconCell.swift */; };
		3C7496192AA3DD060025FC7F /* IconCell.xib in Resources */ = {isa = PBXBuildFile; fileRef = 3C7496172AA3DD060025FC7F /* IconCell.xib */; };
		3C9117212AA219220048AFFF /* AppDelegate.swift in Sources */ = {isa = PBXBuildFile; fileRef = 3C9117202AA219220048AFFF /* AppDelegate.swift */; };
		3C9117232AA219220048AFFF /* SceneDelegate.swift in Sources */ = {isa = PBXBuildFile; fileRef = 3C9117222AA219220048AFFF /* SceneDelegate.swift */; };
		3C91172A2AA219250048AFFF /* Assets.xcassets in Resources */ = {isa = PBXBuildFile; fileRef = 3C9117292AA219250048AFFF /* Assets.xcassets */; };
		3C91172D2AA219250048AFFF /* LaunchScreen.storyboard in Resources */ = {isa = PBXBuildFile; fileRef = 3C91172B2AA219250048AFFF /* LaunchScreen.storyboard */; };
		3CA4AE6D2AA3DE5A001A6949 /* DescriptionCell.swift in Sources */ = {isa = PBXBuildFile; fileRef = 3CA4AE6B2AA3DE5A001A6949 /* DescriptionCell.swift */; };
		3CA4AE6E2AA3DE5A001A6949 /* DescriptionCell.xib in Resources */ = {isa = PBXBuildFile; fileRef = 3CA4AE6C2AA3DE5A001A6949 /* DescriptionCell.xib */; };
		3CA4AE722AA3DECA001A6949 /* CategorySegmentedCell.swift in Sources */ = {isa = PBXBuildFile; fileRef = 3CA4AE702AA3DECA001A6949 /* CategorySegmentedCell.swift */; };
		3CA4AE732AA3DECA001A6949 /* CategorySegmentedCell.xib in Resources */ = {isa = PBXBuildFile; fileRef = 3CA4AE712AA3DECA001A6949 /* CategorySegmentedCell.xib */; };
		3CA4AE762AA3E37A001A6949 /* MainTableCellType.swift in Sources */ = {isa = PBXBuildFile; fileRef = 3CA4AE752AA3E37A001A6949 /* MainTableCellType.swift */; };
		3CA4AE792AA3E75F001A6949 /* AgentItemCell.swift in Sources */ = {isa = PBXBuildFile; fileRef = 3CA4AE772AA3E75F001A6949 /* AgentItemCell.swift */; };
		3CA4AE7A2AA3E75F001A6949 /* AgentItemCell.xib in Resources */ = {isa = PBXBuildFile; fileRef = 3CA4AE782AA3E75F001A6949 /* AgentItemCell.xib */; };
		3CA4AE7D2AA3E8DC001A6949 /* Alamofire in Frameworks */ = {isa = PBXBuildFile; productRef = 3CA4AE7C2AA3E8DC001A6949 /* Alamofire */; };
		3CA4AE7F2AA3E932001A6949 /* AlamofireServiceManager.swift in Sources */ = {isa = PBXBuildFile; fileRef = 3CA4AE7E2AA3E932001A6949 /* AlamofireServiceManager.swift */; };
/* End PBXBuildFile section */

/* Begin PBXFileReference section */
		3C7495E92AA3CACA0025FC7F /* Endpointable.swift */ = {isa = PBXFileReference; lastKnownFileType = sourcecode.swift; path = Endpointable.swift; sourceTree = "<group>"; };
		3C7495ED2AA3CB2A0025FC7F /* Parameterable.swift */ = {isa = PBXFileReference; lastKnownFileType = sourcecode.swift; path = Parameterable.swift; sourceTree = "<group>"; };
		3C7495EF2AA3CB520025FC7F /* Networkable.swift */ = {isa = PBXFileReference; lastKnownFileType = sourcecode.swift; path = Networkable.swift; sourceTree = "<group>"; };
		3C7495F12AA3CE120025FC7F /* URLSessionServiceManager.swift */ = {isa = PBXFileReference; lastKnownFileType = sourcecode.swift; path = URLSessionServiceManager.swift; sourceTree = "<group>"; };
		3C7495F32AA3CEC30025FC7F /* MainParameter.swift */ = {isa = PBXFileReference; lastKnownFileType = sourcecode.swift; path = MainParameter.swift; sourceTree = "<group>"; };
		3C7495F92AA3CFBE0025FC7F /* MainEndpoint.swift */ = {isa = PBXFileReference; lastKnownFileType = sourcecode.swift; path = MainEndpoint.swift; sourceTree = "<group>"; };
		3C7496012AA3D43E0025FC7F /* MainViewController.swift */ = {isa = PBXFileReference; lastKnownFileType = sourcecode.swift; path = MainViewController.swift; sourceTree = "<group>"; };
		3C7496022AA3D43E0025FC7F /* MainViewController.xib */ = {isa = PBXFileReference; lastKnownFileType = file.xib; path = MainViewController.xib; sourceTree = "<group>"; };
		3C7496082AA3D5860025FC7F /* MainDataProviderProtocol.swift */ = {isa = PBXFileReference; lastKnownFileType = sourcecode.swift; path = MainDataProviderProtocol.swift; sourceTree = "<group>"; };
		3C74960B2AA3D5E20025FC7F /* AgentResponse.swift */ = {isa = PBXFileReference; lastKnownFileType = sourcecode.swift; path = AgentResponse.swift; sourceTree = "<group>"; };
		3C74960E2AA3D8220025FC7F /* MainDataProvider.swift */ = {isa = PBXFileReference; lastKnownFileType = sourcecode.swift; path = MainDataProvider.swift; sourceTree = "<group>"; };
		3C7496112AA3D8760025FC7F /* MainViewModel.swift */ = {isa = PBXFileReference; lastKnownFileType = sourcecode.swift; path = MainViewModel.swift; sourceTree = "<group>"; };
		3C7496132AA3D8840025FC7F /* MainViewModelProtocol.swift */ = {isa = PBXFileReference; lastKnownFileType = sourcecode.swift; path = MainViewModelProtocol.swift; sourceTree = "<group>"; };
		3C7496162AA3DD060025FC7F /* IconCell.swift */ = {isa = PBXFileReference; lastKnownFileType = sourcecode.swift; path = IconCell.swift; sourceTree = "<group>"; };
		3C7496172AA3DD060025FC7F /* IconCell.xib */ = {isa = PBXFileReference; lastKnownFileType = file.xib; path = IconCell.xib; sourceTree = "<group>"; };
		3C91171D2AA219220048AFFF /* ValorantAPI_Project.app */ = {isa = PBXFileReference; explicitFileType = wrapper.application; includeInIndex = 0; path = ValorantAPI_Project.app; sourceTree = BUILT_PRODUCTS_DIR; };
		3C9117202AA219220048AFFF /* AppDelegate.swift */ = {isa = PBXFileReference; lastKnownFileType = sourcecode.swift; path = AppDelegate.swift; sourceTree = "<group>"; };
		3C9117222AA219220048AFFF /* SceneDelegate.swift */ = {isa = PBXFileReference; lastKnownFileType = sourcecode.swift; path = SceneDelegate.swift; sourceTree = "<group>"; };
		3C9117292AA219250048AFFF /* Assets.xcassets */ = {isa = PBXFileReference; lastKnownFileType = folder.assetcatalog; path = Assets.xcassets; sourceTree = "<group>"; };
		3C91172C2AA219250048AFFF /* Base */ = {isa = PBXFileReference; lastKnownFileType = file.storyboard; name = Base; path = Base.lproj/LaunchScreen.storyboard; sourceTree = "<group>"; };
		3C91172E2AA219250048AFFF /* Info.plist */ = {isa = PBXFileReference; lastKnownFileType = text.plist.xml; path = Info.plist; sourceTree = "<group>"; };
		3CA4AE6B2AA3DE5A001A6949 /* DescriptionCell.swift */ = {isa = PBXFileReference; lastKnownFileType = sourcecode.swift; path = DescriptionCell.swift; sourceTree = "<group>"; };
		3CA4AE6C2AA3DE5A001A6949 /* DescriptionCell.xib */ = {isa = PBXFileReference; lastKnownFileType = file.xib; path = DescriptionCell.xib; sourceTree = "<group>"; };
		3CA4AE702AA3DECA001A6949 /* CategorySegmentedCell.swift */ = {isa = PBXFileReference; lastKnownFileType = sourcecode.swift; path = CategorySegmentedCell.swift; sourceTree = "<group>"; };
		3CA4AE712AA3DECA001A6949 /* CategorySegmentedCell.xib */ = {isa = PBXFileReference; lastKnownFileType = file.xib; path = CategorySegmentedCell.xib; sourceTree = "<group>"; };
		3CA4AE752AA3E37A001A6949 /* MainTableCellType.swift */ = {isa = PBXFileReference; lastKnownFileType = sourcecode.swift; path = MainTableCellType.swift; sourceTree = "<group>"; };
		3CA4AE772AA3E75F001A6949 /* AgentItemCell.swift */ = {isa = PBXFileReference; lastKnownFileType = sourcecode.swift; path = AgentItemCell.swift; sourceTree = "<group>"; };
		3CA4AE782AA3E75F001A6949 /* AgentItemCell.xib */ = {isa = PBXFileReference; lastKnownFileType = file.xib; path = AgentItemCell.xib; sourceTree = "<group>"; };
		3CA4AE7E2AA3E932001A6949 /* AlamofireServiceManager.swift */ = {isa = PBXFileReference; lastKnownFileType = sourcecode.swift; path = AlamofireServiceManager.swift; sourceTree = "<group>"; };
/* End PBXFileReference section */

/* Begin PBXFrameworksBuildPhase section */
		3C91171A2AA219220048AFFF /* Frameworks */ = {
			isa = PBXFrameworksBuildPhase;
			buildActionMask = 2147483647;
			files = (
				3CA4AE7D2AA3E8DC001A6949 /* Alamofire in Frameworks */,
			);
			runOnlyForDeploymentPostprocessing = 0;
		};
/* End PBXFrameworksBuildPhase section */

/* Begin PBXGroup section */
		3C7495EB2AA3CB0A0025FC7F /* Protocols */ = {
			isa = PBXGroup;
			children = (
				3C7495E92AA3CACA0025FC7F /* Endpointable.swift */,
				3C7495ED2AA3CB2A0025FC7F /* Parameterable.swift */,
				3C7495EF2AA3CB520025FC7F /* Networkable.swift */,
			);
			path = Protocols;
			sourceTree = "<group>";
		};
		3C7495EC2AA3CB130025FC7F /* Network */ = {
			isa = PBXGroup;
			children = (
				3C7495F72AA3CF960025FC7F /* Parameters */,
				3C7495EB2AA3CB0A0025FC7F /* Protocols */,
				3C7495FB2AA3D05F0025FC7F /* Endpoints */,
			);
			path = Network;
			sourceTree = "<group>";
		};
		3C7495F62AA3CF880025FC7F /* ServiceManager */ = {
			isa = PBXGroup;
			children = (
				3C7495F12AA3CE120025FC7F /* URLSessionServiceManager.swift */,
				3CA4AE7E2AA3E932001A6949 /* AlamofireServiceManager.swift */,
			);
			path = ServiceManager;
			sourceTree = "<group>";
		};
		3C7495F72AA3CF960025FC7F /* Parameters */ = {
			isa = PBXGroup;
			children = (
				3C7495F82AA3CFA00025FC7F /* Main */,
			);
			path = Parameters;
			sourceTree = "<group>";
		};
		3C7495F82AA3CFA00025FC7F /* Main */ = {
			isa = PBXGroup;
			children = (
				3C7495F32AA3CEC30025FC7F /* MainParameter.swift */,
			);
			path = Main;
			sourceTree = "<group>";
		};
		3C7495FB2AA3D05F0025FC7F /* Endpoints */ = {
			isa = PBXGroup;
			children = (
				3C7495FC2AA3D0670025FC7F /* Main */,
			);
			path = Endpoints;
			sourceTree = "<group>";
		};
		3C7495FC2AA3D0670025FC7F /* Main */ = {
			isa = PBXGroup;
			children = (
				3C7495F92AA3CFBE0025FC7F /* MainEndpoint.swift */,
			);
			path = Main;
			sourceTree = "<group>";
		};
		3C7495FD2AA3D3C80025FC7F /* Delegations */ = {
			isa = PBXGroup;
			children = (
				3C9117202AA219220048AFFF /* AppDelegate.swift */,
				3C9117222AA219220048AFFF /* SceneDelegate.swift */,
			);
			path = Delegations;
			sourceTree = "<group>";
		};
		3C7495FE2AA3D3D20025FC7F /* Resources */ = {
			isa = PBXGroup;
			children = (
				3C9117292AA219250048AFFF /* Assets.xcassets */,
			);
			path = Resources;
			sourceTree = "<group>";
		};
		3C7495FF2AA3D3DD0025FC7F /* Storyboards */ = {
			isa = PBXGroup;
			children = (
				3C91172B2AA219250048AFFF /* LaunchScreen.storyboard */,
			);
			path = Storyboards;
			sourceTree = "<group>";
		};
		3C7496002AA3D3E40025FC7F /* Supports */ = {
			isa = PBXGroup;
			children = (
				3C91172E2AA219250048AFFF /* Info.plist */,
			);
			path = Supports;
			sourceTree = "<group>";
		};
		3C7496052AA3D4420025FC7F /* View */ = {
			isa = PBXGroup;
			children = (
				3C7496012AA3D43E0025FC7F /* MainViewController.swift */,
				3C7496022AA3D43E0025FC7F /* MainViewController.xib */,
			);
			path = View;
			sourceTree = "<group>";
		};
		3C7496062AA3D4470025FC7F /* Main */ = {
			isa = PBXGroup;
			children = (
				3C7496052AA3D4420025FC7F /* View */,
				3C74960A2AA3D5CF0025FC7F /* Protocols */,
				3C74960D2AA3D78D0025FC7F /* Response */,
				3C7496102AA3D8660025FC7F /* DataProvider */,
				3C7496152AA3DC580025FC7F /* ViewModel */,
				3C74961A2AA3DD560025FC7F /* Cells */,
				3CA4AE752AA3E37A001A6949 /* MainTableCellType.swift */,
			);
			path = Main;
			sourceTree = "<group>";
		};
		3C7496072AA3D44C0025FC7F /* Modules */ = {
			isa = PBXGroup;
			children = (
				3C7496062AA3D4470025FC7F /* Main */,
			);
			path = Modules;
			sourceTree = "<group>";
		};
		3C74960A2AA3D5CF0025FC7F /* Protocols */ = {
			isa = PBXGroup;
			children = (
				3C7496132AA3D8840025FC7F /* MainViewModelProtocol.swift */,
				3C7496082AA3D5860025FC7F /* MainDataProviderProtocol.swift */,
			);
			path = Protocols;
			sourceTree = "<group>";
		};
		3C74960D2AA3D78D0025FC7F /* Response */ = {
			isa = PBXGroup;
			children = (
				3C74960B2AA3D5E20025FC7F /* AgentResponse.swift */,
			);
			path = Response;
			sourceTree = "<group>";
		};
		3C7496102AA3D8660025FC7F /* DataProvider */ = {
			isa = PBXGroup;
			children = (
				3C74960E2AA3D8220025FC7F /* MainDataProvider.swift */,
			);
			path = DataProvider;
			sourceTree = "<group>";
		};
		3C7496152AA3DC580025FC7F /* ViewModel */ = {
			isa = PBXGroup;
			children = (
				3C7496112AA3D8760025FC7F /* MainViewModel.swift */,
			);
			path = ViewModel;
			sourceTree = "<group>";
		};
		3C74961A2AA3DD560025FC7F /* Cells */ = {
			isa = PBXGroup;
			children = (
				3CA785F72AA3DDB1004CD5D5 /* Icon */,
				3CA4AE6F2AA3DE5E001A6949 /* Descripiton */,
				3CA4AE742AA3DECF001A6949 /* CategorySegmetned */,
				3CA4AE772AA3E75F001A6949 /* AgentItemCell.swift */,
				3CA4AE782AA3E75F001A6949 /* AgentItemCell.xib */,
			);
			path = Cells;
			sourceTree = "<group>";
		};
		3C9117142AA219220048AFFF = {
			isa = PBXGroup;
			children = (
				3C91171F2AA219220048AFFF /* ValorantAPI_Project */,
				3C91171E2AA219220048AFFF /* Products */,
			);
			sourceTree = "<group>";
		};
		3C91171E2AA219220048AFFF /* Products */ = {
			isa = PBXGroup;
			children = (
				3C91171D2AA219220048AFFF /* ValorantAPI_Project.app */,
			);
			name = Products;
			sourceTree = "<group>";
		};
		3C91171F2AA219220048AFFF /* ValorantAPI_Project */ = {
			isa = PBXGroup;
			children = (
				3C7495FD2AA3D3C80025FC7F /* Delegations */,
				3C7495F62AA3CF880025FC7F /* ServiceManager */,
				3C7495EC2AA3CB130025FC7F /* Network */,
				3C7495FE2AA3D3D20025FC7F /* Resources */,
				3C7495FF2AA3D3DD0025FC7F /* Storyboards */,
				3C7496002AA3D3E40025FC7F /* Supports */,
				3C7496072AA3D44C0025FC7F /* Modules */,
			);
			path = ValorantAPI_Project;
			sourceTree = "<group>";
		};
		3CA4AE6F2AA3DE5E001A6949 /* Descripiton */ = {
			isa = PBXGroup;
			children = (
				3CA4AE6B2AA3DE5A001A6949 /* DescriptionCell.swift */,
				3CA4AE6C2AA3DE5A001A6949 /* DescriptionCell.xib */,
			);
			path = Descripiton;
			sourceTree = "<group>";
		};
		3CA4AE742AA3DECF001A6949 /* CategorySegmetned */ = {
			isa = PBXGroup;
			children = (
				3CA4AE702AA3DECA001A6949 /* CategorySegmentedCell.swift */,
				3CA4AE712AA3DECA001A6949 /* CategorySegmentedCell.xib */,
			);
			path = CategorySegmetned;
			sourceTree = "<group>";
		};
		3CA785F72AA3DDB1004CD5D5 /* Icon */ = {
			isa = PBXGroup;
			children = (
				3C7496162AA3DD060025FC7F /* IconCell.swift */,
				3C7496172AA3DD060025FC7F /* IconCell.xib */,
			);
			path = Icon;
			sourceTree = "<group>";
		};
/* End PBXGroup section */

/* Begin PBXNativeTarget section */
		3C91171C2AA219220048AFFF /* ValorantAPI_Project */ = {
			isa = PBXNativeTarget;
			buildConfigurationList = 3C9117312AA219250048AFFF /* Build configuration list for PBXNativeTarget "ValorantAPI_Project" */;
			buildPhases = (
				3C9117192AA219220048AFFF /* Sources */,
				3C91171A2AA219220048AFFF /* Frameworks */,
				3C91171B2AA219220048AFFF /* Resources */,
			);
			buildRules = (
			);
			dependencies = (
			);
			name = ValorantAPI_Project;
			packageProductDependencies = (
				3CA4AE7C2AA3E8DC001A6949 /* Alamofire */,
			);
			productName = ValorantAPI_Project;
			productReference = 3C91171D2AA219220048AFFF /* ValorantAPI_Project.app */;
			productType = "com.apple.product-type.application";
		};
/* End PBXNativeTarget section */

/* Begin PBXProject section */
		3C9117152AA219220048AFFF /* Project object */ = {
			isa = PBXProject;
			attributes = {
				BuildIndependentTargetsInParallel = 1;
				LastSwiftUpdateCheck = 1500;
				LastUpgradeCheck = 1500;
				TargetAttributes = {
					3C91171C2AA219220048AFFF = {
						CreatedOnToolsVersion = 15.0;
					};
				};
			};
			buildConfigurationList = 3C9117182AA219220048AFFF /* Build configuration list for PBXProject "ValorantAPI_Project" */;
			compatibilityVersion = "Xcode 14.0";
			developmentRegion = en;
			hasScannedForEncodings = 0;
			knownRegions = (
				en,
				Base,
			);
			mainGroup = 3C9117142AA219220048AFFF;
			packageReferences = (
				3CA4AE7B2AA3E8DC001A6949 /* XCRemoteSwiftPackageReference "Alamofire" */,
			);
			productRefGroup = 3C91171E2AA219220048AFFF /* Products */;
			projectDirPath = "";
			projectRoot = "";
			targets = (
				3C91171C2AA219220048AFFF /* ValorantAPI_Project */,
			);
		};
/* End PBXProject section */

/* Begin PBXResourcesBuildPhase section */
		3C91171B2AA219220048AFFF /* Resources */ = {
			isa = PBXResourcesBuildPhase;
			buildActionMask = 2147483647;
			files = (
				3CA4AE732AA3DECA001A6949 /* CategorySegmentedCell.xib in Resources */,
				3C91172D2AA219250048AFFF /* LaunchScreen.storyboard in Resources */,
				3CA4AE6E2AA3DE5A001A6949 /* DescriptionCell.xib in Resources */,
				3C7496042AA3D43E0025FC7F /* MainViewController.xib in Resources */,
				3CA4AE7A2AA3E75F001A6949 /* AgentItemCell.xib in Resources */,
				3C7496192AA3DD060025FC7F /* IconCell.xib in Resources */,
				3C91172A2AA219250048AFFF /* Assets.xcassets in Resources */,
			);
			runOnlyForDeploymentPostprocessing = 0;
		};
/* End PBXResourcesBuildPhase section */

/* Begin PBXSourcesBuildPhase section */
		3C9117192AA219220048AFFF /* Sources */ = {
			isa = PBXSourcesBuildPhase;
			buildActionMask = 2147483647;
			files = (
				3C74960C2AA3D5E20025FC7F /* AgentResponse.swift in Sources */,
				3C7495F42AA3CEC30025FC7F /* MainParameter.swift in Sources */,
				3C7495F22AA3CE120025FC7F /* URLSessionServiceManager.swift in Sources */,
				3C7495F02AA3CB520025FC7F /* Networkable.swift in Sources */,
				3CA4AE7F2AA3E932001A6949 /* AlamofireServiceManager.swift in Sources */,
				3CA4AE6D2AA3DE5A001A6949 /* DescriptionCell.swift in Sources */,
				3CA4AE762AA3E37A001A6949 /* MainTableCellType.swift in Sources */,
				3C7495FA2AA3CFBE0025FC7F /* MainEndpoint.swift in Sources */,
				3C7496142AA3D8840025FC7F /* MainViewModelProtocol.swift in Sources */,
				3C7496122AA3D8760025FC7F /* MainViewModel.swift in Sources */,
				3C9117212AA219220048AFFF /* AppDelegate.swift in Sources */,
				3C7495EA2AA3CACA0025FC7F /* Endpointable.swift in Sources */,
				3CA4AE792AA3E75F001A6949 /* AgentItemCell.swift in Sources */,
				3C7496032AA3D43E0025FC7F /* MainViewController.swift in Sources */,
				3C7495EE2AA3CB2A0025FC7F /* Parameterable.swift in Sources */,
				3C7496182AA3DD060025FC7F /* IconCell.swift in Sources */,
				3C9117232AA219220048AFFF /* SceneDelegate.swift in Sources */,
				3C7496092AA3D5860025FC7F /* MainDataProviderProtocol.swift in Sources */,
				3C74960F2AA3D8220025FC7F /* MainDataProvider.swift in Sources */,
				3CA4AE722AA3DECA001A6949 /* CategorySegmentedCell.swift in Sources */,
			);
			runOnlyForDeploymentPostprocessing = 0;
		};
/* End PBXSourcesBuildPhase section */

/* Begin PBXVariantGroup section */
		3C91172B2AA219250048AFFF /* LaunchScreen.storyboard */ = {
			isa = PBXVariantGroup;
			children = (
				3C91172C2AA219250048AFFF /* Base */,
			);
			name = LaunchScreen.storyboard;
			sourceTree = "<group>";
		};
/* End PBXVariantGroup section */

/* Begin XCBuildConfiguration section */
		3C91172F2AA219250048AFFF /* Debug */ = {
			isa = XCBuildConfiguration;
			buildSettings = {
				ALWAYS_SEARCH_USER_PATHS = NO;
				ASSETCATALOG_COMPILER_GENERATE_SWIFT_ASSET_SYMBOL_EXTENSIONS = YES;
				CLANG_ANALYZER_NONNULL = YES;
				CLANG_ANALYZER_NUMBER_OBJECT_CONVERSION = YES_AGGRESSIVE;
				CLANG_CXX_LANGUAGE_STANDARD = "gnu++20";
				CLANG_ENABLE_MODULES = YES;
				CLANG_ENABLE_OBJC_ARC = YES;
				CLANG_ENABLE_OBJC_WEAK = YES;
				CLANG_WARN_BLOCK_CAPTURE_AUTORELEASING = YES;
				CLANG_WARN_BOOL_CONVERSION = YES;
				CLANG_WARN_COMMA = YES;
				CLANG_WARN_CONSTANT_CONVERSION = YES;
				CLANG_WARN_DEPRECATED_OBJC_IMPLEMENTATIONS = YES;
				CLANG_WARN_DIRECT_OBJC_ISA_USAGE = YES_ERROR;
				CLANG_WARN_DOCUMENTATION_COMMENTS = YES;
				CLANG_WARN_EMPTY_BODY = YES;
				CLANG_WARN_ENUM_CONVERSION = YES;
				CLANG_WARN_INFINITE_RECURSION = YES;
				CLANG_WARN_INT_CONVERSION = YES;
				CLANG_WARN_NON_LITERAL_NULL_CONVERSION = YES;
				CLANG_WARN_OBJC_IMPLICIT_RETAIN_SELF = YES;
				CLANG_WARN_OBJC_LITERAL_CONVERSION = YES;
				CLANG_WARN_OBJC_ROOT_CLASS = YES_ERROR;
				CLANG_WARN_QUOTED_INCLUDE_IN_FRAMEWORK_HEADER = YES;
				CLANG_WARN_RANGE_LOOP_ANALYSIS = YES;
				CLANG_WARN_STRICT_PROTOTYPES = YES;
				CLANG_WARN_SUSPICIOUS_MOVE = YES;
				CLANG_WARN_UNGUARDED_AVAILABILITY = YES_AGGRESSIVE;
				CLANG_WARN_UNREACHABLE_CODE = YES;
				CLANG_WARN__DUPLICATE_METHOD_MATCH = YES;
				COPY_PHASE_STRIP = NO;
				DEBUG_INFORMATION_FORMAT = dwarf;
				ENABLE_STRICT_OBJC_MSGSEND = YES;
				ENABLE_TESTABILITY = YES;
				ENABLE_USER_SCRIPT_SANDBOXING = YES;
				GCC_C_LANGUAGE_STANDARD = gnu17;
				GCC_DYNAMIC_NO_PIC = NO;
				GCC_NO_COMMON_BLOCKS = YES;
				GCC_OPTIMIZATION_LEVEL = 0;
				GCC_PREPROCESSOR_DEFINITIONS = (
					"DEBUG=1",
					"$(inherited)",
				);
				GCC_WARN_64_TO_32_BIT_CONVERSION = YES;
				GCC_WARN_ABOUT_RETURN_TYPE = YES_ERROR;
				GCC_WARN_UNDECLARED_SELECTOR = YES;
				GCC_WARN_UNINITIALIZED_AUTOS = YES_AGGRESSIVE;
				GCC_WARN_UNUSED_FUNCTION = YES;
				GCC_WARN_UNUSED_VARIABLE = YES;
				IPHONEOS_DEPLOYMENT_TARGET = 17.0;
				LOCALIZATION_PREFERS_STRING_CATALOGS = YES;
				MTL_ENABLE_DEBUG_INFO = INCLUDE_SOURCE;
				MTL_FAST_MATH = YES;
				ONLY_ACTIVE_ARCH = YES;
				SDKROOT = iphoneos;
				SWIFT_ACTIVE_COMPILATION_CONDITIONS = "DEBUG $(inherited)";
				SWIFT_OPTIMIZATION_LEVEL = "-Onone";
			};
			name = Debug;
		};
		3C9117302AA219250048AFFF /* Release */ = {
			isa = XCBuildConfiguration;
			buildSettings = {
				ALWAYS_SEARCH_USER_PATHS = NO;
				ASSETCATALOG_COMPILER_GENERATE_SWIFT_ASSET_SYMBOL_EXTENSIONS = YES;
				CLANG_ANALYZER_NONNULL = YES;
				CLANG_ANALYZER_NUMBER_OBJECT_CONVERSION = YES_AGGRESSIVE;
				CLANG_CXX_LANGUAGE_STANDARD = "gnu++20";
				CLANG_ENABLE_MODULES = YES;
				CLANG_ENABLE_OBJC_ARC = YES;
				CLANG_ENABLE_OBJC_WEAK = YES;
				CLANG_WARN_BLOCK_CAPTURE_AUTORELEASING = YES;
				CLANG_WARN_BOOL_CONVERSION = YES;
				CLANG_WARN_COMMA = YES;
				CLANG_WARN_CONSTANT_CONVERSION = YES;
				CLANG_WARN_DEPRECATED_OBJC_IMPLEMENTATIONS = YES;
				CLANG_WARN_DIRECT_OBJC_ISA_USAGE = YES_ERROR;
				CLANG_WARN_DOCUMENTATION_COMMENTS = YES;
				CLANG_WARN_EMPTY_BODY = YES;
				CLANG_WARN_ENUM_CONVERSION = YES;
				CLANG_WARN_INFINITE_RECURSION = YES;
				CLANG_WARN_INT_CONVERSION = YES;
				CLANG_WARN_NON_LITERAL_NULL_CONVERSION = YES;
				CLANG_WARN_OBJC_IMPLICIT_RETAIN_SELF = YES;
				CLANG_WARN_OBJC_LITERAL_CONVERSION = YES;
				CLANG_WARN_OBJC_ROOT_CLASS = YES_ERROR;
				CLANG_WARN_QUOTED_INCLUDE_IN_FRAMEWORK_HEADER = YES;
				CLANG_WARN_RANGE_LOOP_ANALYSIS = YES;
				CLANG_WARN_STRICT_PROTOTYPES = YES;
				CLANG_WARN_SUSPICIOUS_MOVE = YES;
				CLANG_WARN_UNGUARDED_AVAILABILITY = YES_AGGRESSIVE;
				CLANG_WARN_UNREACHABLE_CODE = YES;
				CLANG_WARN__DUPLICATE_METHOD_MATCH = YES;
				COPY_PHASE_STRIP = NO;
				DEBUG_INFORMATION_FORMAT = "dwarf-with-dsym";
				ENABLE_NS_ASSERTIONS = NO;
				ENABLE_STRICT_OBJC_MSGSEND = YES;
				ENABLE_USER_SCRIPT_SANDBOXING = YES;
				GCC_C_LANGUAGE_STANDARD = gnu17;
				GCC_NO_COMMON_BLOCKS = YES;
				GCC_WARN_64_TO_32_BIT_CONVERSION = YES;
				GCC_WARN_ABOUT_RETURN_TYPE = YES_ERROR;
				GCC_WARN_UNDECLARED_SELECTOR = YES;
				GCC_WARN_UNINITIALIZED_AUTOS = YES_AGGRESSIVE;
				GCC_WARN_UNUSED_FUNCTION = YES;
				GCC_WARN_UNUSED_VARIABLE = YES;
				IPHONEOS_DEPLOYMENT_TARGET = 17.0;
				LOCALIZATION_PREFERS_STRING_CATALOGS = YES;
				MTL_ENABLE_DEBUG_INFO = NO;
				MTL_FAST_MATH = YES;
				SDKROOT = iphoneos;
				SWIFT_COMPILATION_MODE = wholemodule;
				VALIDATE_PRODUCT = YES;
			};
			name = Release;
		};
		3C9117322AA219250048AFFF /* Debug */ = {
			isa = XCBuildConfiguration;
			buildSettings = {
				ASSETCATALOG_COMPILER_APPICON_NAME = AppIcon;
				ASSETCATALOG_COMPILER_GLOBAL_ACCENT_COLOR_NAME = AccentColor;
				CODE_SIGN_STYLE = Automatic;
				CURRENT_PROJECT_VERSION = 1;
				DEVELOPMENT_TEAM = FSWG4853R4;
				GENERATE_INFOPLIST_FILE = YES;
				INFOPLIST_FILE = ValorantAPI_Project/Supports/Info.plist;
				INFOPLIST_KEY_UIApplicationSupportsIndirectInputEvents = YES;
				INFOPLIST_KEY_UILaunchStoryboardName = LaunchScreen;
				INFOPLIST_KEY_UISupportedInterfaceOrientations_iPad = "UIInterfaceOrientationPortrait UIInterfaceOrientationPortraitUpsideDown UIInterfaceOrientationLandscapeLeft UIInterfaceOrientationLandscapeRight";
				INFOPLIST_KEY_UISupportedInterfaceOrientations_iPhone = "UIInterfaceOrientationPortrait UIInterfaceOrientationLandscapeLeft UIInterfaceOrientationLandscapeRight";
				LD_RUNPATH_SEARCH_PATHS = (
					"$(inherited)",
					"@executable_path/Frameworks",
				);
				MARKETING_VERSION = 1.0;
				PRODUCT_BUNDLE_IDENTIFIER = "com.kami.ValorantAPI-Project";
				PRODUCT_NAME = "$(TARGET_NAME)";
				SWIFT_EMIT_LOC_STRINGS = YES;
				SWIFT_VERSION = 5.0;
				TARGETED_DEVICE_FAMILY = "1,2";
			};
			name = Debug;
		};
		3C9117332AA219250048AFFF /* Release */ = {
			isa = XCBuildConfiguration;
			buildSettings = {
				ASSETCATALOG_COMPILER_APPICON_NAME = AppIcon;
				ASSETCATALOG_COMPILER_GLOBAL_ACCENT_COLOR_NAME = AccentColor;
				CODE_SIGN_STYLE = Automatic;
				CURRENT_PROJECT_VERSION = 1;
				DEVELOPMENT_TEAM = FSWG4853R4;
				GENERATE_INFOPLIST_FILE = YES;
				INFOPLIST_FILE = ValorantAPI_Project/Supports/Info.plist;
				INFOPLIST_KEY_UIApplicationSupportsIndirectInputEvents = YES;
				INFOPLIST_KEY_UILaunchStoryboardName = LaunchScreen;
				INFOPLIST_KEY_UISupportedInterfaceOrientations_iPad = "UIInterfaceOrientationPortrait UIInterfaceOrientationPortraitUpsideDown UIInterfaceOrientationLandscapeLeft UIInterfaceOrientationLandscapeRight";
				INFOPLIST_KEY_UISupportedInterfaceOrientations_iPhone = "UIInterfaceOrientationPortrait UIInterfaceOrientationLandscapeLeft UIInterfaceOrientationLandscapeRight";
				LD_RUNPATH_SEARCH_PATHS = (
					"$(inherited)",
					"@executable_path/Frameworks",
				);
				MARKETING_VERSION = 1.0;
				PRODUCT_BUNDLE_IDENTIFIER = "com.kami.ValorantAPI-Project";
				PRODUCT_NAME = "$(TARGET_NAME)";
				SWIFT_EMIT_LOC_STRINGS = YES;
				SWIFT_VERSION = 5.0;
				TARGETED_DEVICE_FAMILY = "1,2";
			};
			name = Release;
		};
/* End XCBuildConfiguration section */

/* Begin XCConfigurationList section */
		3C9117182AA219220048AFFF /* Build configuration list for PBXProject "ValorantAPI_Project" */ = {
			isa = XCConfigurationList;
			buildConfigurations = (
				3C91172F2AA219250048AFFF /* Debug */,
				3C9117302AA219250048AFFF /* Release */,
			);
			defaultConfigurationIsVisible = 0;
			defaultConfigurationName = Release;
		};
		3C9117312AA219250048AFFF /* Build configuration list for PBXNativeTarget "ValorantAPI_Project" */ = {
			isa = XCConfigurationList;
			buildConfigurations = (
				3C9117322AA219250048AFFF /* Debug */,
				3C9117332AA219250048AFFF /* Release */,
			);
			defaultConfigurationIsVisible = 0;
			defaultConfigurationName = Release;
		};
/* End XCConfigurationList section */

/* Begin XCRemoteSwiftPackageReference section */
		3CA4AE7B2AA3E8DC001A6949 /* XCRemoteSwiftPackageReference "Alamofire" */ = {
			isa = XCRemoteSwiftPackageReference;
			repositoryURL = "https://github.com/Alamofire/Alamofire.git";
			requirement = {
				kind = upToNextMajorVersion;
				minimumVersion = 5.8.0;
			};
		};
/* End XCRemoteSwiftPackageReference section */

/* Begin XCSwiftPackageProductDependency section */
		3CA4AE7C2AA3E8DC001A6949 /* Alamofire */ = {
			isa = XCSwiftPackageProductDependency;
			package = 3CA4AE7B2AA3E8DC001A6949 /* XCRemoteSwiftPackageReference "Alamofire" */;
			productName = Alamofire;
		};
/* End XCSwiftPackageProductDependency section */
	};
	rootObject = 3C9117152AA219220048AFFF /* Project object */;
}
